
Microsoft Visual Studio Solution File, Format Version 12.00
# Visual Studio Version 17
VisualStudioVersion = 17.8.34511.84
MinimumVisualStudioVersion = 10.0.40219.1
Project("{9A19103F-16F7-4668-BE54-9A1E7A4F7556}") = "ApiEasier.Api", "src\ApiEasier.Api\ApiEasier.Api.csproj", "{B223D979-C8E8-421B-AA88-0CC07946E32E}"
EndProject
Project("{9A19103F-16F7-4668-BE54-9A1E7A4F7556}") = "ApiEasier.Bll", "src\ApiEasier.Bll\ApiEasier.Bll.csproj", "{05C2363F-5B22-4614-A659-BBAB1B3AFF0F}"
EndProject
Project("{9A19103F-16F7-4668-BE54-9A1E7A4F7556}") = "ApiEasier.Dal", "src\ApiEasier.Dal\ApiEasier.Dal.csproj", "{8314C6A4-0B90-471E-91CC-B916632AC849}"
EndProject
Project("{9A19103F-16F7-4668-BE54-9A1E7A4F7556}") = "ApiEasier.Dm", "src\ApiEasier.Dm\ApiEasier.Dm.csproj", "{DF34A70B-07E9-44DD-B9E5-41C967EBB597}"
EndProject
Project("{2150E333-8FDC-42A3-9474-1A3956D46DE8}") = "src", "src", "{3417A55D-429E-4719-A3C8-27922D3FCC90}"
EndProject
Project("{FAE04EC0-301F-11D3-BF4B-00C04F79EFBC}") = "ApiEasier.Tests", "ApiEasier.Tests\ApiEasier.Tests.csproj", "{0A792FEA-63BF-4089-9851-9D7553F2932A}"
EndProject
Global
	GlobalSection(SolutionConfigurationPlatforms) = preSolution
		Debug|Any CPU = Debug|Any CPU
		Release|Any CPU = Release|Any CPU
	EndGlobalSection
	GlobalSection(ProjectConfigurationPlatforms) = postSolution
		{B223D979-C8E8-421B-AA88-0CC07946E32E}.Debug|Any CPU.ActiveCfg = Debug|Any CPU
		{B223D979-C8E8-421B-AA88-0CC07946E32E}.Debug|Any CPU.Build.0 = Debug|Any CPU
		{B223D979-C8E8-421B-AA88-0CC07946E32E}.Release|Any CPU.ActiveCfg = Release|Any CPU
		{B223D979-C8E8-421B-AA88-0CC07946E32E}.Release|Any CPU.Build.0 = Release|Any CPU
		{05C2363F-5B22-4614-A659-BBAB1B3AFF0F}.Debug|Any CPU.ActiveCfg = Debug|Any CPU
		{05C2363F-5B22-4614-A659-BBAB1B3AFF0F}.Debug|Any CPU.Build.0 = Debug|Any CPU
		{05C2363F-5B22-4614-A659-BBAB1B3AFF0F}.Release|Any CPU.ActiveCfg = Release|Any CPU
		{05C2363F-5B22-4614-A659-BBAB1B3AFF0F}.Release|Any CPU.Build.0 = Release|Any CPU
		{8314C6A4-0B90-471E-91CC-B916632AC849}.Debug|Any CPU.ActiveCfg = Debug|Any CPU
		{8314C6A4-0B90-471E-91CC-B916632AC849}.Debug|Any CPU.Build.0 = Debug|Any CPU
		{8314C6A4-0B90-471E-91CC-B916632AC849}.Release|Any CPU.ActiveCfg = Release|Any CPU
		{8314C6A4-0B90-471E-91CC-B916632AC849}.Release|Any CPU.Build.0 = Release|Any CPU
		{DF34A70B-07E9-44DD-B9E5-41C967EBB597}.Debug|Any CPU.ActiveCfg = Debug|Any CPU
		{DF34A70B-07E9-44DD-B9E5-41C967EBB597}.Debug|Any CPU.Build.0 = Debug|Any CPU
		{DF34A70B-07E9-44DD-B9E5-41C967EBB597}.Release|Any CPU.ActiveCfg = Release|Any CPU
		{DF34A70B-07E9-44DD-B9E5-41C967EBB597}.Release|Any CPU.Build.0 = Release|Any CPU
		{0A792FEA-63BF-4089-9851-9D7553F2932A}.Debug|Any CPU.ActiveCfg = Debug|Any CPU
		{0A792FEA-63BF-4089-9851-9D7553F2932A}.Debug|Any CPU.Build.0 = Debug|Any CPU
		{0A792FEA-63BF-4089-9851-9D7553F2932A}.Release|Any CPU.ActiveCfg = Release|Any CPU
		{0A792FEA-63BF-4089-9851-9D7553F2932A}.Release|Any CPU.Build.0 = Release|Any CPU
	EndGlobalSection
	GlobalSection(SolutionProperties) = preSolution
		HideSolutionNode = FALSE
	EndGlobalSection
	GlobalSection(NestedProjects) = preSolution
		{B223D979-C8E8-421B-AA88-0CC07946E32E} = {3417A55D-429E-4719-A3C8-27922D3FCC90}
		{05C2363F-5B22-4614-A659-BBAB1B3AFF0F} = {3417A55D-429E-4719-A3C8-27922D3FCC90}
		{8314C6A4-0B90-471E-91CC-B916632AC849} = {3417A55D-429E-4719-A3C8-27922D3FCC90}
		{DF34A70B-07E9-44DD-B9E5-41C967EBB597} = {3417A55D-429E-4719-A3C8-27922D3FCC90}
	EndGlobalSection
	GlobalSection(ExtensibilityGlobals) = postSolution
		SolutionGuid = {8791CEEC-B371-49C4-AC07-687CF5477504}
	EndGlobalSection
EndGlobal
