
Microsoft Visual Studio Solution File, Format Version 12.00
# Visual Studio Version 17
VisualStudioVersion = 17.8.34511.84
MinimumVisualStudioVersion = 10.0.40219.1
Project("{9A19103F-16F7-4668-BE54-9A1E7A4F7556}") = "ApiEasier.Server", "ApiEasier.Server\ApiEasier.Server.csproj", "{7420A425-EA64-4BB3-870F-BB9CFCA7DCB6}"
EndProject
Project("{54A90642-561A-4BB1-A94E-469ADEE60C69}") = "apieasier.client", "apieasier.client\apieasier.client.esproj", "{A12B2C6A-2967-421A-B2EA-36638E2E513C}"
EndProject
Project("{FAE04EC0-301F-11D3-BF4B-00C04F79EFBC}") = "ApiEasier.Bll", "ApiEasier.Bll\ApiEasier.Bll.csproj", "{75B8DC5E-9CBA-4E47-A242-311B51C750D6}"
EndProject
Project("{FAE04EC0-301F-11D3-BF4B-00C04F79EFBC}") = "ApiEasier.Dal", "ApiEasier.Dal\ApiEasier.Dal.csproj", "{50B4FB02-AE4A-440D-A1D9-2A34624AA654}"
EndProject
Project("{FAE04EC0-301F-11D3-BF4B-00C04F79EFBC}") = "ApiEasier.Dm", "ApiEasier.Dm\ApiEasier.Dm.csproj", "{3AFC9669-FA2C-46D2-849A-66FE930ED3F6}"
EndProject
Global
	GlobalSection(SolutionConfigurationPlatforms) = preSolution
		Debug|Any CPU = Debug|Any CPU
		Release|Any CPU = Release|Any CPU
	EndGlobalSection
	GlobalSection(ProjectConfigurationPlatforms) = postSolution
		{7420A425-EA64-4BB3-870F-BB9CFCA7DCB6}.Debug|Any CPU.ActiveCfg = Debug|Any CPU
		{7420A425-EA64-4BB3-870F-BB9CFCA7DCB6}.Debug|Any CPU.Build.0 = Debug|Any CPU
		{7420A425-EA64-4BB3-870F-BB9CFCA7DCB6}.Release|Any CPU.ActiveCfg = Release|Any CPU
		{7420A425-EA64-4BB3-870F-BB9CFCA7DCB6}.Release|Any CPU.Build.0 = Release|Any CPU
		{A12B2C6A-2967-421A-B2EA-36638E2E513C}.Debug|Any CPU.ActiveCfg = Debug|Any CPU
		{A12B2C6A-2967-421A-B2EA-36638E2E513C}.Debug|Any CPU.Build.0 = Debug|Any CPU
		{A12B2C6A-2967-421A-B2EA-36638E2E513C}.Debug|Any CPU.Deploy.0 = Debug|Any CPU
		{A12B2C6A-2967-421A-B2EA-36638E2E513C}.Release|Any CPU.ActiveCfg = Release|Any CPU
		{A12B2C6A-2967-421A-B2EA-36638E2E513C}.Release|Any CPU.Build.0 = Release|Any CPU
		{A12B2C6A-2967-421A-B2EA-36638E2E513C}.Release|Any CPU.Deploy.0 = Release|Any CPU
		{75B8DC5E-9CBA-4E47-A242-311B51C750D6}.Debug|Any CPU.ActiveCfg = Debug|Any CPU
		{75B8DC5E-9CBA-4E47-A242-311B51C750D6}.Debug|Any CPU.Build.0 = Debug|Any CPU
		{75B8DC5E-9CBA-4E47-A242-311B51C750D6}.Release|Any CPU.ActiveCfg = Release|Any CPU
		{75B8DC5E-9CBA-4E47-A242-311B51C750D6}.Release|Any CPU.Build.0 = Release|Any CPU
		{50B4FB02-AE4A-440D-A1D9-2A34624AA654}.Debug|Any CPU.ActiveCfg = Debug|Any CPU
		{50B4FB02-AE4A-440D-A1D9-2A34624AA654}.Debug|Any CPU.Build.0 = Debug|Any CPU
		{50B4FB02-AE4A-440D-A1D9-2A34624AA654}.Release|Any CPU.ActiveCfg = Release|Any CPU
		{50B4FB02-AE4A-440D-A1D9-2A34624AA654}.Release|Any CPU.Build.0 = Release|Any CPU
		{3AFC9669-FA2C-46D2-849A-66FE930ED3F6}.Debug|Any CPU.ActiveCfg = Debug|Any CPU
		{3AFC9669-FA2C-46D2-849A-66FE930ED3F6}.Debug|Any CPU.Build.0 = Debug|Any CPU
		{3AFC9669-FA2C-46D2-849A-66FE930ED3F6}.Release|Any CPU.ActiveCfg = Release|Any CPU
		{3AFC9669-FA2C-46D2-849A-66FE930ED3F6}.Release|Any CPU.Build.0 = Release|Any CPU
	EndGlobalSection
	GlobalSection(SolutionProperties) = preSolution
		HideSolutionNode = FALSE
	EndGlobalSection
	GlobalSection(ExtensibilityGlobals) = postSolution
		SolutionGuid = {8791CEEC-B371-49C4-AC07-687CF5477504}
	EndGlobalSection
EndGlobal
